
Microsoft Visual Studio Solution File, Format Version 12.00
# Visual Studio Version 16
VisualStudioVersion = 16.0.29613.14
MinimumVisualStudioVersion = 10.0.40219.1
Project("{FAE04EC0-301F-11D3-BF4B-00C04F79EFBC}") = "WpfApp1", "WpfApp1\WpfApp1.csproj", "{183B424A-27BE-4549-B4C0-4EB47C7D253F}"
EndProject
Global
	GlobalSection(SolutionConfigurationPlatforms) = preSolution
		Debug|Any CPU = Debug|Any CPU
		Release|Any CPU = Release|Any CPU
	EndGlobalSection
	GlobalSection(ProjectConfigurationPlatforms) = postSolution
		{183B424A-27BE-4549-B4C0-4EB47C7D253F}.Debug|Any CPU.ActiveCfg = Debug|Any CPU
		{183B424A-27BE-4549-B4C0-4EB47C7D253F}.Debug|Any CPU.Build.0 = Debug|Any CPU
		{183B424A-27BE-4549-B4C0-4EB47C7D253F}.Release|Any CPU.ActiveCfg = Release|Any CPU
		{183B424A-27BE-4549-B4C0-4EB47C7D253F}.Release|Any CPU.Build.0 = Release|Any CPU
	EndGlobalSection
	GlobalSection(SolutionProperties) = preSolution
		HideSolutionNode = FALSE
	EndGlobalSection
	GlobalSection(ExtensibilityGlobals) = postSolution
		SolutionGuid = {AF9596FC-377B-4850-BEED-DCFACF940940}
	EndGlobalSection
EndGlobal
